
Microsoft Visual Studio Solution File, Format Version 12.00
# Visual Studio 15
VisualStudioVersion = 15.0.28307.1831
MinimumVisualStudioVersion = 10.0.40219.1
Project("{FAE04EC0-301F-11D3-BF4B-00C04F79EFBC}") = "cicsApp.Android", "cicsApp\cicsApp.Android\cicsApp.Android.csproj", "{C37F6CDE-AF2C-4577-8664-74EB72A60C8B}"
EndProject
Project("{FAE04EC0-301F-11D3-BF4B-00C04F79EFBC}") = "cicsApp.iOS", "cicsApp\cicsApp.iOS\cicsApp.iOS.csproj", "{9055D854-4461-431D-9328-9AE6E83A6319}"
EndProject
Project("{FAE04EC0-301F-11D3-BF4B-00C04F79EFBC}") = "cicsApp", "cicsApp\cicsApp\cicsApp.csproj", "{E56BF4A2-F978-43D9-A080-9599FD319C3D}"
EndProject
Global
	GlobalSection(SolutionConfigurationPlatforms) = preSolution
		Ad-Hoc|Any CPU = Ad-Hoc|Any CPU
		Ad-Hoc|iPhone = Ad-Hoc|iPhone
		Ad-Hoc|iPhoneSimulator = Ad-Hoc|iPhoneSimulator
		AppStore|Any CPU = AppStore|Any CPU
		AppStore|iPhone = AppStore|iPhone
		AppStore|iPhoneSimulator = AppStore|iPhoneSimulator
		Debug|Any CPU = Debug|Any CPU
		Debug|iPhone = Debug|iPhone
		Debug|iPhoneSimulator = Debug|iPhoneSimulator
		Release|Any CPU = Release|Any CPU
		Release|iPhone = Release|iPhone
		Release|iPhoneSimulator = Release|iPhoneSimulator
	EndGlobalSection
	GlobalSection(ProjectConfigurationPlatforms) = postSolution
		{C37F6CDE-AF2C-4577-8664-74EB72A60C8B}.Ad-Hoc|Any CPU.ActiveCfg = Release|Any CPU
		{C37F6CDE-AF2C-4577-8664-74EB72A60C8B}.Ad-Hoc|Any CPU.Build.0 = Release|Any CPU
		{C37F6CDE-AF2C-4577-8664-74EB72A60C8B}.Ad-Hoc|Any CPU.Deploy.0 = Release|Any CPU
		{C37F6CDE-AF2C-4577-8664-74EB72A60C8B}.Ad-Hoc|iPhone.ActiveCfg = Release|Any CPU
		{C37F6CDE-AF2C-4577-8664-74EB72A60C8B}.Ad-Hoc|iPhone.Build.0 = Release|Any CPU
		{C37F6CDE-AF2C-4577-8664-74EB72A60C8B}.Ad-Hoc|iPhone.Deploy.0 = Release|Any CPU
		{C37F6CDE-AF2C-4577-8664-74EB72A60C8B}.Ad-Hoc|iPhoneSimulator.ActiveCfg = Release|Any CPU
		{C37F6CDE-AF2C-4577-8664-74EB72A60C8B}.Ad-Hoc|iPhoneSimulator.Build.0 = Release|Any CPU
		{C37F6CDE-AF2C-4577-8664-74EB72A60C8B}.Ad-Hoc|iPhoneSimulator.Deploy.0 = Release|Any CPU
		{C37F6CDE-AF2C-4577-8664-74EB72A60C8B}.AppStore|Any CPU.ActiveCfg = Release|Any CPU
		{C37F6CDE-AF2C-4577-8664-74EB72A60C8B}.AppStore|Any CPU.Build.0 = Release|Any CPU
		{C37F6CDE-AF2C-4577-8664-74EB72A60C8B}.AppStore|Any CPU.Deploy.0 = Release|Any CPU
		{C37F6CDE-AF2C-4577-8664-74EB72A60C8B}.AppStore|iPhone.ActiveCfg = Release|Any CPU
		{C37F6CDE-AF2C-4577-8664-74EB72A60C8B}.AppStore|iPhone.Build.0 = Release|Any CPU
		{C37F6CDE-AF2C-4577-8664-74EB72A60C8B}.AppStore|iPhone.Deploy.0 = Release|Any CPU
		{C37F6CDE-AF2C-4577-8664-74EB72A60C8B}.AppStore|iPhoneSimulator.ActiveCfg = Release|Any CPU
		{C37F6CDE-AF2C-4577-8664-74EB72A60C8B}.AppStore|iPhoneSimulator.Build.0 = Release|Any CPU
		{C37F6CDE-AF2C-4577-8664-74EB72A60C8B}.AppStore|iPhoneSimulator.Deploy.0 = Release|Any CPU
		{C37F6CDE-AF2C-4577-8664-74EB72A60C8B}.Debug|Any CPU.ActiveCfg = Debug|Any CPU
		{C37F6CDE-AF2C-4577-8664-74EB72A60C8B}.Debug|Any CPU.Build.0 = Debug|Any CPU
		{C37F6CDE-AF2C-4577-8664-74EB72A60C8B}.Debug|Any CPU.Deploy.0 = Debug|Any CPU
		{C37F6CDE-AF2C-4577-8664-74EB72A60C8B}.Debug|iPhone.ActiveCfg = Debug|Any CPU
		{C37F6CDE-AF2C-4577-8664-74EB72A60C8B}.Debug|iPhone.Build.0 = Debug|Any CPU
		{C37F6CDE-AF2C-4577-8664-74EB72A60C8B}.Debug|iPhone.Deploy.0 = Debug|Any CPU
		{C37F6CDE-AF2C-4577-8664-74EB72A60C8B}.Debug|iPhoneSimulator.ActiveCfg = Debug|Any CPU
		{C37F6CDE-AF2C-4577-8664-74EB72A60C8B}.Debug|iPhoneSimulator.Build.0 = Debug|Any CPU
		{C37F6CDE-AF2C-4577-8664-74EB72A60C8B}.Debug|iPhoneSimulator.Deploy.0 = Debug|Any CPU
		{C37F6CDE-AF2C-4577-8664-74EB72A60C8B}.Release|Any CPU.ActiveCfg = Release|Any CPU
		{C37F6CDE-AF2C-4577-8664-74EB72A60C8B}.Release|Any CPU.Build.0 = Release|Any CPU
		{C37F6CDE-AF2C-4577-8664-74EB72A60C8B}.Release|Any CPU.Deploy.0 = Release|Any CPU
		{C37F6CDE-AF2C-4577-8664-74EB72A60C8B}.Release|iPhone.ActiveCfg = Release|Any CPU
		{C37F6CDE-AF2C-4577-8664-74EB72A60C8B}.Release|iPhone.Build.0 = Release|Any CPU
		{C37F6CDE-AF2C-4577-8664-74EB72A60C8B}.Release|iPhone.Deploy.0 = Release|Any CPU
		{C37F6CDE-AF2C-4577-8664-74EB72A60C8B}.Release|iPhoneSimulator.ActiveCfg = Release|Any CPU
		{C37F6CDE-AF2C-4577-8664-74EB72A60C8B}.Release|iPhoneSimulator.Build.0 = Release|Any CPU
		{C37F6CDE-AF2C-4577-8664-74EB72A60C8B}.Release|iPhoneSimulator.Deploy.0 = Release|Any CPU
		{9055D854-4461-431D-9328-9AE6E83A6319}.Ad-Hoc|Any CPU.ActiveCfg = Ad-Hoc|iPhone
		{9055D854-4461-431D-9328-9AE6E83A6319}.Ad-Hoc|Any CPU.Build.0 = Ad-Hoc|iPhone
		{9055D854-4461-431D-9328-9AE6E83A6319}.Ad-Hoc|Any CPU.Deploy.0 = Ad-Hoc|iPhone
		{9055D854-4461-431D-9328-9AE6E83A6319}.Ad-Hoc|iPhone.ActiveCfg = Ad-Hoc|iPhone
		{9055D854-4461-431D-9328-9AE6E83A6319}.Ad-Hoc|iPhone.Build.0 = Ad-Hoc|iPhone
		{9055D854-4461-431D-9328-9AE6E83A6319}.Ad-Hoc|iPhone.Deploy.0 = Ad-Hoc|iPhone
		{9055D854-4461-431D-9328-9AE6E83A6319}.Ad-Hoc|iPhoneSimulator.ActiveCfg = Ad-Hoc|iPhoneSimulator
		{9055D854-4461-431D-9328-9AE6E83A6319}.Ad-Hoc|iPhoneSimulator.Build.0 = Ad-Hoc|iPhoneSimulator
		{9055D854-4461-431D-9328-9AE6E83A6319}.Ad-Hoc|iPhoneSimulator.Deploy.0 = Ad-Hoc|iPhoneSimulator
		{9055D854-4461-431D-9328-9AE6E83A6319}.AppStore|Any CPU.ActiveCfg = AppStore|iPhone
		{9055D854-4461-431D-9328-9AE6E83A6319}.AppStore|Any CPU.Build.0 = AppStore|iPhone
		{9055D854-4461-431D-9328-9AE6E83A6319}.AppStore|Any CPU.Deploy.0 = AppStore|iPhone
		{9055D854-4461-431D-9328-9AE6E83A6319}.AppStore|iPhone.ActiveCfg = AppStore|iPhone
		{9055D854-4461-431D-9328-9AE6E83A6319}.AppStore|iPhone.Build.0 = AppStore|iPhone
		{9055D854-4461-431D-9328-9AE6E83A6319}.AppStore|iPhone.Deploy.0 = AppStore|iPhone
		{9055D854-4461-431D-9328-9AE6E83A6319}.AppStore|iPhoneSimulator.ActiveCfg = AppStore|iPhoneSimulator
		{9055D854-4461-431D-9328-9AE6E83A6319}.AppStore|iPhoneSimulator.Build.0 = AppStore|iPhoneSimulator
		{9055D854-4461-431D-9328-9AE6E83A6319}.AppStore|iPhoneSimulator.Deploy.0 = AppStore|iPhoneSimulator
		{9055D854-4461-431D-9328-9AE6E83A6319}.Debug|Any CPU.ActiveCfg = Debug|iPhoneSimulator
		{9055D854-4461-431D-9328-9AE6E83A6319}.Debug|Any CPU.Build.0 = Debug|iPhoneSimulator
		{9055D854-4461-431D-9328-9AE6E83A6319}.Debug|Any CPU.Deploy.0 = Debug|iPhoneSimulator
		{9055D854-4461-431D-9328-9AE6E83A6319}.Debug|iPhone.ActiveCfg = Debug|iPhone
		{9055D854-4461-431D-9328-9AE6E83A6319}.Debug|iPhone.Build.0 = Debug|iPhone
		{9055D854-4461-431D-9328-9AE6E83A6319}.Debug|iPhone.Deploy.0 = Debug|iPhone
		{9055D854-4461-431D-9328-9AE6E83A6319}.Debug|iPhoneSimulator.ActiveCfg = Debug|iPhoneSimulator
		{9055D854-4461-431D-9328-9AE6E83A6319}.Debug|iPhoneSimulator.Build.0 = Debug|iPhoneSimulator
		{9055D854-4461-431D-9328-9AE6E83A6319}.Debug|iPhoneSimulator.Deploy.0 = Debug|iPhoneSimulator
		{9055D854-4461-431D-9328-9AE6E83A6319}.Release|Any CPU.ActiveCfg = Release|iPhone
		{9055D854-4461-431D-9328-9AE6E83A6319}.Release|Any CPU.Build.0 = Release|iPhone
		{9055D854-4461-431D-9328-9AE6E83A6319}.Release|Any CPU.Deploy.0 = Release|iPhone
		{9055D854-4461-431D-9328-9AE6E83A6319}.Release|iPhone.ActiveCfg = Release|iPhone
		{9055D854-4461-431D-9328-9AE6E83A6319}.Release|iPhone.Build.0 = Release|iPhone
		{9055D854-4461-431D-9328-9AE6E83A6319}.Release|iPhone.Deploy.0 = Release|iPhone
		{9055D854-4461-431D-9328-9AE6E83A6319}.Release|iPhoneSimulator.ActiveCfg = Release|iPhoneSimulator
		{9055D854-4461-431D-9328-9AE6E83A6319}.Release|iPhoneSimulator.Build.0 = Release|iPhoneSimulator
		{9055D854-4461-431D-9328-9AE6E83A6319}.Release|iPhoneSimulator.Deploy.0 = Release|iPhoneSimulator
		{E56BF4A2-F978-43D9-A080-9599FD319C3D}.Ad-Hoc|Any CPU.ActiveCfg = Debug|Any CPU
		{E56BF4A2-F978-43D9-A080-9599FD319C3D}.Ad-Hoc|Any CPU.Build.0 = Debug|Any CPU
		{E56BF4A2-F978-43D9-A080-9599FD319C3D}.Ad-Hoc|Any CPU.Deploy.0 = Debug|Any CPU
		{E56BF4A2-F978-43D9-A080-9599FD319C3D}.Ad-Hoc|iPhone.ActiveCfg = Debug|Any CPU
		{E56BF4A2-F978-43D9-A080-9599FD319C3D}.Ad-Hoc|iPhone.Build.0 = Debug|Any CPU
		{E56BF4A2-F978-43D9-A080-9599FD319C3D}.Ad-Hoc|iPhone.Deploy.0 = Debug|Any CPU
		{E56BF4A2-F978-43D9-A080-9599FD319C3D}.Ad-Hoc|iPhoneSimulator.ActiveCfg = Debug|Any CPU
		{E56BF4A2-F978-43D9-A080-9599FD319C3D}.Ad-Hoc|iPhoneSimulator.Build.0 = Debug|Any CPU
		{E56BF4A2-F978-43D9-A080-9599FD319C3D}.Ad-Hoc|iPhoneSimulator.Deploy.0 = Debug|Any CPU
		{E56BF4A2-F978-43D9-A080-9599FD319C3D}.AppStore|Any CPU.ActiveCfg = Debug|Any CPU
		{E56BF4A2-F978-43D9-A080-9599FD319C3D}.AppStore|Any CPU.Build.0 = Debug|Any CPU
		{E56BF4A2-F978-43D9-A080-9599FD319C3D}.AppStore|Any CPU.Deploy.0 = Debug|Any CPU
		{E56BF4A2-F978-43D9-A080-9599FD319C3D}.AppStore|iPhone.ActiveCfg = Debug|Any CPU
		{E56BF4A2-F978-43D9-A080-9599FD319C3D}.AppStore|iPhone.Build.0 = Debug|Any CPU
		{E56BF4A2-F978-43D9-A080-9599FD319C3D}.AppStore|iPhone.Deploy.0 = Debug|Any CPU
		{E56BF4A2-F978-43D9-A080-9599FD319C3D}.AppStore|iPhoneSimulator.ActiveCfg = Debug|Any CPU
		{E56BF4A2-F978-43D9-A080-9599FD319C3D}.AppStore|iPhoneSimulator.Build.0 = Debug|Any CPU
		{E56BF4A2-F978-43D9-A080-9599FD319C3D}.AppStore|iPhoneSimulator.Deploy.0 = Debug|Any CPU
		{E56BF4A2-F978-43D9-A080-9599FD319C3D}.Debug|Any CPU.ActiveCfg = Debug|Any CPU
		{E56BF4A2-F978-43D9-A080-9599FD319C3D}.Debug|Any CPU.Build.0 = Debug|Any CPU
		{E56BF4A2-F978-43D9-A080-9599FD319C3D}.Debug|Any CPU.Deploy.0 = Debug|Any CPU
		{E56BF4A2-F978-43D9-A080-9599FD319C3D}.Debug|iPhone.ActiveCfg = Debug|Any CPU
		{E56BF4A2-F978-43D9-A080-9599FD319C3D}.Debug|iPhone.Build.0 = Debug|Any CPU
		{E56BF4A2-F978-43D9-A080-9599FD319C3D}.Debug|iPhone.Deploy.0 = Debug|Any CPU
		{E56BF4A2-F978-43D9-A080-9599FD319C3D}.Debug|iPhoneSimulator.ActiveCfg = Debug|Any CPU
		{E56BF4A2-F978-43D9-A080-9599FD319C3D}.Debug|iPhoneSimulator.Build.0 = Debug|Any CPU
		{E56BF4A2-F978-43D9-A080-9599FD319C3D}.Debug|iPhoneSimulator.Deploy.0 = Debug|Any CPU
		{E56BF4A2-F978-43D9-A080-9599FD319C3D}.Release|Any CPU.ActiveCfg = Release|Any CPU
		{E56BF4A2-F978-43D9-A080-9599FD319C3D}.Release|Any CPU.Build.0 = Release|Any CPU
		{E56BF4A2-F978-43D9-A080-9599FD319C3D}.Release|Any CPU.Deploy.0 = Release|Any CPU
		{E56BF4A2-F978-43D9-A080-9599FD319C3D}.Release|iPhone.ActiveCfg = Release|Any CPU
		{E56BF4A2-F978-43D9-A080-9599FD319C3D}.Release|iPhone.Build.0 = Release|Any CPU
		{E56BF4A2-F978-43D9-A080-9599FD319C3D}.Release|iPhone.Deploy.0 = Release|Any CPU
		{E56BF4A2-F978-43D9-A080-9599FD319C3D}.Release|iPhoneSimulator.ActiveCfg = Release|Any CPU
		{E56BF4A2-F978-43D9-A080-9599FD319C3D}.Release|iPhoneSimulator.Build.0 = Release|Any CPU
		{E56BF4A2-F978-43D9-A080-9599FD319C3D}.Release|iPhoneSimulator.Deploy.0 = Release|Any CPU
	EndGlobalSection
	GlobalSection(SolutionProperties) = preSolution
		HideSolutionNode = FALSE
	EndGlobalSection
	GlobalSection(ExtensibilityGlobals) = postSolution
		SolutionGuid = {AB21E13C-6C06-41C8-8459-612D7DA08212}
	EndGlobalSection
EndGlobal
